
Microsoft Visual Studio Solution File, Format Version 12.00
# Visual Studio Version 17
VisualStudioVersion = 17.3.32929.385
MinimumVisualStudioVersion = 10.0.40219.1
Project("{FAE04EC0-301F-11D3-BF4B-00C04F79EFBC}") = "2DGameLibrary", "2DGameLibrary\2DGameLibrary.csproj", "{B70074A5-FDD8-4B4E-9050-DFCF826437EB}"
EndProject
Project("{FAE04EC0-301F-11D3-BF4B-00C04F79EFBC}") = "2DGameImplementation", "2DGameImplementation\2DGameImplementation.csproj", "{4956DC7A-16D7-4A6D-8A1E-7F391256DBA0}"
EndProject
Global
	GlobalSection(SolutionConfigurationPlatforms) = preSolution
		Debug|Any CPU = Debug|Any CPU
		Release|Any CPU = Release|Any CPU
	EndGlobalSection
	GlobalSection(ProjectConfigurationPlatforms) = postSolution
		{B70074A5-FDD8-4B4E-9050-DFCF826437EB}.Debug|Any CPU.ActiveCfg = Debug|Any CPU
		{B70074A5-FDD8-4B4E-9050-DFCF826437EB}.Debug|Any CPU.Build.0 = Debug|Any CPU
		{B70074A5-FDD8-4B4E-9050-DFCF826437EB}.Release|Any CPU.ActiveCfg = Release|Any CPU
		{B70074A5-FDD8-4B4E-9050-DFCF826437EB}.Release|Any CPU.Build.0 = Release|Any CPU
		{4956DC7A-16D7-4A6D-8A1E-7F391256DBA0}.Debug|Any CPU.ActiveCfg = Debug|Any CPU
		{4956DC7A-16D7-4A6D-8A1E-7F391256DBA0}.Debug|Any CPU.Build.0 = Debug|Any CPU
		{4956DC7A-16D7-4A6D-8A1E-7F391256DBA0}.Release|Any CPU.ActiveCfg = Release|Any CPU
		{4956DC7A-16D7-4A6D-8A1E-7F391256DBA0}.Release|Any CPU.Build.0 = Release|Any CPU
	EndGlobalSection
	GlobalSection(SolutionProperties) = preSolution
		HideSolutionNode = FALSE
	EndGlobalSection
	GlobalSection(ExtensibilityGlobals) = postSolution
		SolutionGuid = {8124E309-7710-485C-AD6B-B7899CC3D96E}
	EndGlobalSection
EndGlobal
